
Microsoft Visual Studio Solution File, Format Version 12.00
# Visual Studio 15
VisualStudioVersion = 15.0.27703.2042
MinimumVisualStudioVersion = 10.0.40219.1
Project("{FAE04EC0-301F-11D3-BF4B-00C04F79EFBC}") = "GroundStation", "GroundStation\GroundStation.csproj", "{791731A3-3C55-46AC-B984-51597AFF71B2}"
EndProject
Project("{FAE04EC0-301F-11D3-BF4B-00C04F79EFBC}") = "RadioTestingClient", "GroundStationTransceiverController\RadioTestingClient.csproj", "{14F2C9B8-6CF7-401D-8682-42FE4C7FF1E8}"
EndProject
Global
	GlobalSection(SolutionConfigurationPlatforms) = preSolution
		Debug|Any CPU = Debug|Any CPU
		Debug|x86 = Debug|x86
		Release|Any CPU = Release|Any CPU
		Release|x86 = Release|x86
	EndGlobalSection
	GlobalSection(ProjectConfigurationPlatforms) = postSolution
		{791731A3-3C55-46AC-B984-51597AFF71B2}.Debug|Any CPU.ActiveCfg = Debug|Any CPU
		{791731A3-3C55-46AC-B984-51597AFF71B2}.Debug|Any CPU.Build.0 = Debug|Any CPU
		{791731A3-3C55-46AC-B984-51597AFF71B2}.Debug|x86.ActiveCfg = Debug|Any CPU
		{791731A3-3C55-46AC-B984-51597AFF71B2}.Debug|x86.Build.0 = Debug|Any CPU
		{791731A3-3C55-46AC-B984-51597AFF71B2}.Release|Any CPU.ActiveCfg = Release|Any CPU
		{791731A3-3C55-46AC-B984-51597AFF71B2}.Release|Any CPU.Build.0 = Release|Any CPU
		{791731A3-3C55-46AC-B984-51597AFF71B2}.Release|x86.ActiveCfg = Release|Any CPU
		{791731A3-3C55-46AC-B984-51597AFF71B2}.Release|x86.Build.0 = Release|Any CPU
		{14F2C9B8-6CF7-401D-8682-42FE4C7FF1E8}.Debug|Any CPU.ActiveCfg = Debug|Any CPU
		{14F2C9B8-6CF7-401D-8682-42FE4C7FF1E8}.Debug|Any CPU.Build.0 = Debug|Any CPU
		{14F2C9B8-6CF7-401D-8682-42FE4C7FF1E8}.Debug|x86.ActiveCfg = Debug|Any CPU
		{14F2C9B8-6CF7-401D-8682-42FE4C7FF1E8}.Debug|x86.Build.0 = Debug|Any CPU
		{14F2C9B8-6CF7-401D-8682-42FE4C7FF1E8}.Release|Any CPU.ActiveCfg = Release|Any CPU
		{14F2C9B8-6CF7-401D-8682-42FE4C7FF1E8}.Release|Any CPU.Build.0 = Release|Any CPU
		{14F2C9B8-6CF7-401D-8682-42FE4C7FF1E8}.Release|x86.ActiveCfg = Release|Any CPU
		{14F2C9B8-6CF7-401D-8682-42FE4C7FF1E8}.Release|x86.Build.0 = Release|Any CPU
	EndGlobalSection
	GlobalSection(SolutionProperties) = preSolution
		HideSolutionNode = FALSE
	EndGlobalSection
	GlobalSection(ExtensibilityGlobals) = postSolution
		SolutionGuid = {F060D19F-B8A2-4F9E-A82E-ED15328305E3}
	EndGlobalSection
EndGlobal
